
Microsoft Visual Studio Solution File, Format Version 12.00
# Visual Studio Version 17
VisualStudioVersion = 17.5.002.0
MinimumVisualStudioVersion = 10.0.40219.1
Project("{9A19103F-16F7-4668-BE54-9A1E7A4F7556}") = "SpartaDungeon", "SpartaDungeon.csproj", "{D03C3F9A-8B1C-44AA-BD17-2F36BC217924}"
EndProject
Global
	GlobalSection(SolutionConfigurationPlatforms) = preSolution
		Debug|Any CPU = Debug|Any CPU
		Release|Any CPU = Release|Any CPU
	EndGlobalSection
	GlobalSection(ProjectConfigurationPlatforms) = postSolution
		{D03C3F9A-8B1C-44AA-BD17-2F36BC217924}.Debug|Any CPU.ActiveCfg = Debug|Any CPU
		{D03C3F9A-8B1C-44AA-BD17-2F36BC217924}.Debug|Any CPU.Build.0 = Debug|Any CPU
		{D03C3F9A-8B1C-44AA-BD17-2F36BC217924}.Release|Any CPU.ActiveCfg = Release|Any CPU
		{D03C3F9A-8B1C-44AA-BD17-2F36BC217924}.Release|Any CPU.Build.0 = Release|Any CPU
	EndGlobalSection
	GlobalSection(SolutionProperties) = preSolution
		HideSolutionNode = FALSE
	EndGlobalSection
	GlobalSection(ExtensibilityGlobals) = postSolution
		SolutionGuid = {84681AF9-65F0-4657-A8CA-69B0B783117C}
	EndGlobalSection
EndGlobal
